Microsoft Visual Studio Solution File, Format Version 12.00
# Visual Studio Version 17
VisualStudioVersion = 17.5.2.0
MinimumVisualStudioVersion = 10.0.40219.1
Project("{FAE04EC0-301F-11D3-BF4B-00C04F79EFBC}") = "sk-mcp-cs", "sk-mcp-cs.csproj", "{4AE740B2-9834-35F1-7C89-5DCCC7A68197}"
EndProject
Global
	GlobalSection(SolutionConfigurationPlatforms) = preSolution
		Debug|Any CPU = Debug|Any CPU
		Release|Any CPU = Release|Any CPU
	EndGlobalSection
	GlobalSection(ProjectConfigurationPlatforms) = postSolution
		{4AE740B2-9834-35F1-7C89-5DCCC7A68197}.Debug|Any CPU.ActiveCfg = Debug|Any CPU
		{4AE740B2-9834-35F1-7C89-5DCCC7A68197}.Debug|Any CPU.Build.0 = Debug|Any CPU
		{4AE740B2-9834-35F1-7C89-5DCCC7A68197}.Release|Any CPU.ActiveCfg = Release|Any CPU
		{4AE740B2-9834-35F1-7C89-5DCCC7A68197}.Release|Any CPU.Build.0 = Release|Any CPU
	EndGlobalSection
	GlobalSection(SolutionProperties) = preSolution
		HideSolutionNode = FALSE
	EndGlobalSection
	GlobalSection(ExtensibilityGlobals) = postSolution
		SolutionGuid = {5A8FDE52-DDF3-4A76-837D-3DB75F888EE0}
	EndGlobalSection
EndGlobal
